
Microsoft Visual Studio Solution File, Format Version 12.00
# Visual Studio Version 17
VisualStudioVersion = 17.13.35825.156 d17.13
MinimumVisualStudioVersion = 10.0.40219.1
Project("{FAE04EC0-301F-11D3-BF4B-00C04F79EFBC}") = "Week3IfAndSwitch", "Week3IfAndSwitch\Week3IfAndSwitch.csproj", "{FFD59900-41DB-47AB-8184-B7A25DAA9530}"
EndProject
Project("{FAE04EC0-301F-11D3-BF4B-00C04F79EFBC}") = "OddOrEven", "OddOrEven\OddOrEven.csproj", "{8C9B78DB-8725-4111-8F59-09E7F8BEA300}"
EndProject
Project("{FAE04EC0-301F-11D3-BF4B-00C04F79EFBC}") = "IfDayOfTheWeek", "IfDayOfTheWeek\IfDayOfTheWeek.csproj", "{F4999D58-D3FC-425C-A854-2C0E75EF0AC2}"
EndProject
Project("{FAE04EC0-301F-11D3-BF4B-00C04F79EFBC}") = "SwitchDayOfTheWeek", "SwitchDayOfTheWeek\SwitchDayOfTheWeek.csproj", "{35DD21D1-4152-49DC-A298-46803BBD7190}"
EndProject
Global
	GlobalSection(SolutionConfigurationPlatforms) = preSolution
		Debug|Any CPU = Debug|Any CPU
		Release|Any CPU = Release|Any CPU
	EndGlobalSection
	GlobalSection(ProjectConfigurationPlatforms) = postSolution
		{FFD59900-41DB-47AB-8184-B7A25DAA9530}.Debug|Any CPU.ActiveCfg = Debug|Any CPU
		{FFD59900-41DB-47AB-8184-B7A25DAA9530}.Debug|Any CPU.Build.0 = Debug|Any CPU
		{FFD59900-41DB-47AB-8184-B7A25DAA9530}.Release|Any CPU.ActiveCfg = Release|Any CPU
		{FFD59900-41DB-47AB-8184-B7A25DAA9530}.Release|Any CPU.Build.0 = Release|Any CPU
		{8C9B78DB-8725-4111-8F59-09E7F8BEA300}.Debug|Any CPU.ActiveCfg = Debug|Any CPU
		{8C9B78DB-8725-4111-8F59-09E7F8BEA300}.Debug|Any CPU.Build.0 = Debug|Any CPU
		{8C9B78DB-8725-4111-8F59-09E7F8BEA300}.Release|Any CPU.ActiveCfg = Release|Any CPU
		{8C9B78DB-8725-4111-8F59-09E7F8BEA300}.Release|Any CPU.Build.0 = Release|Any CPU
		{F4999D58-D3FC-425C-A854-2C0E75EF0AC2}.Debug|Any CPU.ActiveCfg = Debug|Any CPU
		{F4999D58-D3FC-425C-A854-2C0E75EF0AC2}.Debug|Any CPU.Build.0 = Debug|Any CPU
		{F4999D58-D3FC-425C-A854-2C0E75EF0AC2}.Release|Any CPU.ActiveCfg = Release|Any CPU
		{F4999D58-D3FC-425C-A854-2C0E75EF0AC2}.Release|Any CPU.Build.0 = Release|Any CPU
		{35DD21D1-4152-49DC-A298-46803BBD7190}.Debug|Any CPU.ActiveCfg = Debug|Any CPU
		{35DD21D1-4152-49DC-A298-46803BBD7190}.Debug|Any CPU.Build.0 = Debug|Any CPU
		{35DD21D1-4152-49DC-A298-46803BBD7190}.Release|Any CPU.ActiveCfg = Release|Any CPU
		{35DD21D1-4152-49DC-A298-46803BBD7190}.Release|Any CPU.Build.0 = Release|Any CPU
	EndGlobalSection
	GlobalSection(SolutionProperties) = preSolution
		HideSolutionNode = FALSE
	EndGlobalSection
	GlobalSection(ExtensibilityGlobals) = postSolution
		SolutionGuid = {F6FCD958-0636-483A-B596-5D52E410F53F}
	EndGlobalSection
EndGlobal
